// !$*UTF8*$!
{
	archiveVersion = 1;
	classes = {
	};
	objectVersion = 50;
	objects = {

/* Begin PBXBuildFile section */
		739B91EB242C25EC00BCC690 /* AppDelegate.swift in Sources */ = {isa = PBXBuildFile; fileRef = 739B91EA242C25EC00BCC690 /* AppDelegate.swift */; };
		739B91ED242C25EC00BCC690 /* SceneDelegate.swift in Sources */ = {isa = PBXBuildFile; fileRef = 739B91EC242C25EC00BCC690 /* SceneDelegate.swift */; };
		739B91EF242C25EC00BCC690 /* ViewController.swift in Sources */ = {isa = PBXBuildFile; fileRef = 739B91EE242C25EC00BCC690 /* ViewController.swift */; };
		739B91F2242C25EC00BCC690 /* Main.storyboard in Resources */ = {isa = PBXBuildFile; fileRef = 739B91F0242C25EC00BCC690 /* Main.storyboard */; };
		739B91F4242C25EF00BCC690 /* Assets.xcassets in Resources */ = {isa = PBXBuildFile; fileRef = 739B91F3242C25EF00BCC690 /* Assets.xcassets */; };
		739B91F7242C25EF00BCC690 /* LaunchScreen.storyboard in Resources */ = {isa = PBXBuildFile; fileRef = 739B91F5242C25EF00BCC690 /* LaunchScreen.storyboard */; };
		739D004924310F730010ED3C /* Pokemon Solid.ttf in Resources */ = {isa = PBXBuildFile; fileRef = 739D004824310F730010ED3C /* Pokemon Solid.ttf */; };
		739D004B24310FAA0010ED3C /* Pokemon Hollow.ttf in Resources */ = {isa = PBXBuildFile; fileRef = 739D004A24310FAA0010ED3C /* Pokemon Hollow.ttf */; };
		73E7E62A243128FF001A3278 /* whosthatpokemon.mp3 in Resources */ = {isa = PBXBuildFile; fileRef = 73E7E629243128FF001A3278 /* whosthatpokemon.mp3 */; };
/* End PBXBuildFile section */

/* Begin PBXFileReference section */
		739B91E7242C25EC00BCC690 /* whosthatpokemon.app */ = {isa = PBXFileReference; explicitFileType = wrapper.application; includeInIndex = 0; path = whosthatpokemon.app; sourceTree = BUILT_PRODUCTS_DIR; };
		739B91EA242C25EC00BCC690 /* AppDelegate.swift */ = {isa = PBXFileReference; lastKnownFileType = sourcecode.swift; path = AppDelegate.swift; sourceTree = "<group>"; };
		739B91EC242C25EC00BCC690 /* SceneDelegate.swift */ = {isa = PBXFileReference; lastKnownFileType = sourcecode.swift; path = SceneDelegate.swift; sourceTree = "<group>"; };
		739B91EE242C25EC00BCC690 /* ViewController.swift */ = {isa = PBXFileReference; lastKnownFileType = sourcecode.swift; path = ViewController.swift; sourceTree = "<group>"; };
		739B91F1242C25EC00BCC690 /* Base */ = {isa = PBXFileReference; lastKnownFileType = file.storyboard; name = Base; path = Base.lproj/Main.storyboard; sourceTree = "<group>"; };
		739B91F3242C25EF00BCC690 /* Assets.xcassets */ = {isa = PBXFileReference; lastKnownFileType = folder.assetcatalog; path = Assets.xcassets; sourceTree = "<group>"; };
		739B91F6242C25EF00BCC690 /* Base */ = {isa = PBXFileReference; lastKnownFileType = file.storyboard; name = Base; path = Base.lproj/LaunchScreen.storyboard; sourceTree = "<group>"; };
		739B91F8242C25EF00BCC690 /* Info.plist */ = {isa = PBXFileReference; lastKnownFileType = text.plist.xml; path = Info.plist; sourceTree = "<group>"; };
		739D004824310F730010ED3C /* Pokemon Solid.ttf */ = {isa = PBXFileReference; lastKnownFileType = file; path = "Pokemon Solid.ttf"; sourceTree = "<group>"; };
		739D004A24310FAA0010ED3C /* Pokemon Hollow.ttf */ = {isa = PBXFileReference; lastKnownFileType = file; path = "Pokemon Hollow.ttf"; sourceTree = "<group>"; };
		73E7E629243128FF001A3278 /* whosthatpokemon.mp3 */ = {isa = PBXFileReference; lastKnownFileType = audio.mp3; path = whosthatpokemon.mp3; sourceTree = "<group>"; };
/* End PBXFileReference section */

/* Begin PBXFrameworksBuildPhase section */
		739B91E4242C25EC00BCC690 /* Frameworks */ = {
			isa = PBXFrameworksBuildPhase;
			buildActionMask = 2147483647;
			files = (
			);
			runOnlyForDeploymentPostprocessing = 0;
		};
/* End PBXFrameworksBuildPhase section */

/* Begin PBXGroup section */
		739B91DE242C25EC00BCC690 = {
			isa = PBXGroup;
			children = (
				739B91E9242C25EC00BCC690 /* whosthatpokemon */,
				739B91E8242C25EC00BCC690 /* Products */,
			);
			sourceTree = "<group>";
		};
		739B91E8242C25EC00BCC690 /* Products */ = {
			isa = PBXGroup;
			children = (
				739B91E7242C25EC00BCC690 /* whosthatpokemon.app */,
			);
			name = Products;
			sourceTree = "<group>";
		};
		739B91E9242C25EC00BCC690 /* whosthatpokemon */ = {
			isa = PBXGroup;
			children = (
				739B91EA242C25EC00BCC690 /* AppDelegate.swift */,
				739B91EC242C25EC00BCC690 /* SceneDelegate.swift */,
				739B91EE242C25EC00BCC690 /* ViewController.swift */,
				739B91F0242C25EC00BCC690 /* Main.storyboard */,
				739B91F3242C25EF00BCC690 /* Assets.xcassets */,
				739B91F5242C25EF00BCC690 /* LaunchScreen.storyboard */,
				739D004824310F730010ED3C /* Pokemon Solid.ttf */,
				739D004A24310FAA0010ED3C /* Pokemon Hollow.ttf */,
				739B91F8242C25EF00BCC690 /* Info.plist */,
				73E7E629243128FF001A3278 /* whosthatpokemon.mp3 */,
			);
			path = whosthatpokemon;
			sourceTree = "<group>";
		};
/* End PBXGroup section */

/* Begin PBXNativeTarget section */
		739B91E6242C25EC00BCC690 /* whosthatpokemon */ = {
			isa = PBXNativeTarget;
			buildConfigurationList = 739B91FB242C25EF00BCC690 /* Build configuration list for PBXNativeTarget "whosthatpokemon" */;
			buildPhases = (
				739B91E3242C25EC00BCC690 /* Sources */,
				739B91E4242C25EC00BCC690 /* Frameworks */,
				739B91E5242C25EC00BCC690 /* Resources */,
			);
			buildRules = (
			);
			dependencies = (
			);
			name = whosthatpokemon;
			productName = whosthatpokemon;
			productReference = 739B91E7242C25EC00BCC690 /* whosthatpokemon.app */;
			productType = "com.apple.product-type.application";
		};
/* End PBXNativeTarget section */

/* Begin PBXProject section */
		739B91DF242C25EC00BCC690 /* Project object */ = {
			isa = PBXProject;
			attributes = {
				LastSwiftUpdateCheck = 1140;
				LastUpgradeCheck = 1140;
				ORGANIZATIONNAME = Pezzuol;
				TargetAttributes = {
					739B91E6242C25EC00BCC690 = {
						CreatedOnToolsVersion = 11.4;
					};
				};
			};
			buildConfigurationList = 739B91E2242C25EC00BCC690 /* Build configuration list for PBXProject "whosthatpokemon" */;
			compatibilityVersion = "Xcode 9.3";
			developmentRegion = en;
			hasScannedForEncodings = 0;
			knownRegions = (
				en,
				Base,
			);
			mainGroup = 739B91DE242C25EC00BCC690;
			productRefGroup = 739B91E8242C25EC00BCC690 /* Products */;
			projectDirPath = "";
			projectRoot = "";
			targets = (
				739B91E6242C25EC00BCC690 /* whosthatpokemon */,
			);
		};
/* End PBXProject section */

/* Begin PBXResourcesBuildPhase section */
		739B91E5242C25EC00BCC690 /* Resources */ = {
			isa = PBXResourcesBuildPhase;
			buildActionMask = 2147483647;
			files = (
				73E7E62A243128FF001A3278 /* whosthatpokemon.mp3 in Resources */,
				739B91F7242C25EF00BCC690 /* LaunchScreen.storyboard in Resources */,
				739D004924310F730010ED3C /* Pokemon Solid.ttf in Resources */,
				739D004B24310FAA0010ED3C /* Pokemon Hollow.ttf in Resources */,
				739B91F4242C25EF00BCC690 /* Assets.xcassets in Resources */,
				739B91F2242C25EC00BCC690 /* Main.storyboard in Resources */,
			);
			runOnlyForDeploymentPostprocessing = 0;
		};
/* End PBXResourcesBuildPhase section */

/* Begin PBXSourcesBuildPhase section */
		739B91E3242C25EC00BCC690 /* Sources */ = {
			isa = PBXSourcesBuildPhase;
			buildActionMask = 2147483647;
			files = (
				739B91EF242C25EC00BCC690 /* ViewController.swift in Sources */,
				739B91EB242C25EC00BCC690 /* AppDelegate.swift in Sources */,
				739B91ED242C25EC00BCC690 /* SceneDelegate.swift in Sources */,
			);
			runOnlyForDeploymentPostprocessing = 0;
		};
/* End PBXSourcesBuildPhase section */

/* Begin PBXVariantGroup section */
		739B91F0242C25EC00BCC690 /* Main.storyboard */ = {
			isa = PBXVariantGroup;
			children = (
				739B91F1242C25EC00BCC690 /* Base */,
			);
			name = Main.storyboard;
			sourceTree = "<group>";
		};
		739B91F5242C25EF00BCC690 /* LaunchScreen.storyboard */ = {
			isa = PBXVariantGroup;
			children = (
				739B91F6242C25EF00BCC690 /* Base */,
			);
			name = LaunchScreen.storyboard;
			sourceTree = "<group>";
		};
/* End PBXVariantGroup section */

/* Begin XCBuildConfiguration section */
		739B91F9242C25EF00BCC690 /* Debug */ = {
			isa = XCBuildConfiguration;
			buildSettings = {
				ALWAYS_SEARCH_USER_PATHS = NO;
				CLANG_ANALYZER_NONNULL = YES;
				CLANG_ANALYZER_NUMBER_OBJECT_CONVERSION = YES_AGGRESSIVE;
				CLANG_CXX_LANGUAGE_STANDARD = "gnu++14";
				CLANG_CXX_LIBRARY = "libc++";
				CLANG_ENABLE_MODULES = YES;
				CLANG_ENABLE_OBJC_ARC = YES;
				CLANG_ENABLE_OBJC_WEAK = YES;
				CLANG_WARN_BLOCK_CAPTURE_AUTORELEASING = YES;
				CLANG_WARN_BOOL_CONVERSION = YES;
				CLANG_WARN_COMMA = YES;
				CLANG_WARN_CONSTANT_CONVERSION = YES;
				CLANG_WARN_DEPRECATED_OBJC_IMPLEMENTATIONS = YES;
				CLANG_WARN_DIRECT_OBJC_ISA_USAGE = YES_ERROR;
				CLANG_WARN_DOCUMENTATION_COMMENTS = YES;
				CLANG_WARN_EMPTY_BODY = YES;
				CLANG_WARN_ENUM_CONVERSION = YES;
				CLANG_WARN_INFINITE_RECURSION = YES;
				CLANG_WARN_INT_CONVERSION = YES;
				CLANG_WARN_NON_LITERAL_NULL_CONVERSION = YES;
				CLANG_WARN_OBJC_IMPLICIT_RETAIN_SELF = YES;
				CLANG_WARN_OBJC_LITERAL_CONVERSION = YES;
				CLANG_WARN_OBJC_ROOT_CLASS = YES_ERROR;
				CLANG_WARN_RANGE_LOOP_ANALYSIS = YES;
				CLANG_WARN_STRICT_PROTOTYPES = YES;
				CLANG_WARN_SUSPICIOUS_MOVE = YES;
				CLANG_WARN_UNGUARDED_AVAILABILITY = YES_AGGRESSIVE;
				CLANG_WARN_UNREACHABLE_CODE = YES;
				CLANG_WARN__DUPLICATE_METHOD_MATCH = YES;
				COPY_PHASE_STRIP = NO;
				DEBUG_INFORMATION_FORMAT = dwarf;
				ENABLE_STRICT_OBJC_MSGSEND = YES;
				ENABLE_TESTABILITY = YES;
				GCC_C_LANGUAGE_STANDARD = gnu11;
				GCC_DYNAMIC_NO_PIC = NO;
				GCC_NO_COMMON_BLOCKS = YES;
				GCC_OPTIMIZATION_LEVEL = 0;
				GCC_PREPROCESSOR_DEFINITIONS = (
					"DEBUG=1",
					"$(inherited)",
				);
				GCC_WARN_64_TO_32_BIT_CONVERSION = YES;
				GCC_WARN_ABOUT_RETURN_TYPE = YES_ERROR;
				GCC_WARN_UNDECLARED_SELECTOR = YES;
				GCC_WARN_UNINITIALIZED_AUTOS = YES_AGGRESSIVE;
				GCC_WARN_UNUSED_FUNCTION = YES;
				GCC_WARN_UNUSED_VARIABLE = YES;
				IPHONEOS_DEPLOYMENT_TARGET = 13.4;
				MTL_ENABLE_DEBUG_INFO = INCLUDE_SOURCE;
				MTL_FAST_MATH = YES;
				ONLY_ACTIVE_ARCH = YES;
				SDKROOT = iphoneos;
				SWIFT_ACTIVE_COMPILATION_CONDITIONS = DEBUG;
				SWIFT_OPTIMIZATION_LEVEL = "-Onone";
			};
			name = Debug;
		};
		739B91FA242C25EF00BCC690 /* Release */ = {
			isa = XCBuildConfiguration;
			buildSettings = {
				ALWAYS_SEARCH_USER_PATHS = NO;
				CLANG_ANALYZER_NONNULL = YES;
				CLANG_ANALYZER_NUMBER_OBJECT_CONVERSION = YES_AGGRESSIVE;
				CLANG_CXX_LANGUAGE_STANDARD = "gnu++14";
				CLANG_CXX_LIBRARY = "libc++";
				CLANG_ENABLE_MODULES = YES;
				CLANG_ENABLE_OBJC_ARC = YES;
				CLANG_ENABLE_OBJC_WEAK = YES;
				CLANG_WARN_BLOCK_CAPTURE_AUTORELEASING = YES;
				CLANG_WARN_BOOL_CONVERSION = YES;
				CLANG_WARN_COMMA = YES;
				CLANG_WARN_CONSTANT_CONVERSION = YES;
				CLANG_WARN_DEPRECATED_OBJC_IMPLEMENTATIONS = YES;
				CLANG_WARN_DIRECT_OBJC_ISA_USAGE = YES_ERROR;
				CLANG_WARN_DOCUMENTATION_COMMENTS = YES;
				CLANG_WARN_EMPTY_BODY = YES;
				CLANG_WARN_ENUM_CONVERSION = YES;
				CLANG_WARN_INFINITE_RECURSION = YES;
				CLANG_WARN_INT_CONVERSION = YES;
				CLANG_WARN_NON_LITERAL_NULL_CONVERSION = YES;
				CLANG_WARN_OBJC_IMPLICIT_RETAIN_SELF = YES;
				CLANG_WARN_OBJC_LITERAL_CONVERSION = YES;
				CLANG_WARN_OBJC_ROOT_CLASS = YES_ERROR;
				CLANG_WARN_RANGE_LOOP_ANALYSIS = YES;
				CLANG_WARN_STRICT_PROTOTYPES = YES;
				CLANG_WARN_SUSPICIOUS_MOVE = YES;
				CLANG_WARN_UNGUARDED_AVAILABILITY = YES_AGGRESSIVE;
				CLANG_WARN_UNREACHABLE_CODE = YES;
				CLANG_WARN__DUPLICATE_METHOD_MATCH = YES;
				COPY_PHASE_STRIP = NO;
				DEBUG_INFORMATION_FORMAT = "dwarf-with-dsym";
				ENABLE_NS_ASSERTIONS = NO;
				ENABLE_STRICT_OBJC_MSGSEND = YES;
				GCC_C_LANGUAGE_STANDARD = gnu11;
				GCC_NO_COMMON_BLOCKS = YES;
				GCC_WARN_64_TO_32_BIT_CONVERSION = YES;
				GCC_WARN_ABOUT_RETURN_TYPE = YES_ERROR;
				GCC_WARN_UNDECLARED_SELECTOR = YES;
				GCC_WARN_UNINITIALIZED_AUTOS = YES_AGGRESSIVE;
				GCC_WARN_UNUSED_FUNCTION = YES;
				GCC_WARN_UNUSED_VARIABLE = YES;
				IPHONEOS_DEPLOYMENT_TARGET = 13.4;
				MTL_ENABLE_DEBUG_INFO = NO;
				MTL_FAST_MATH = YES;
				SDKROOT = iphoneos;
				SWIFT_COMPILATION_MODE = wholemodule;
				SWIFT_OPTIMIZATION_LEVEL = "-O";
				VALIDATE_PRODUCT = YES;
			};
			name = Release;
		};
		739B91FC242C25EF00BCC690 /* Debug */ = {
			isa = XCBuildConfiguration;
			buildSettings = {
				ASSETCATALOG_COMPILER_APPICON_NAME = AppIcon;
				CODE_SIGN_STYLE = Automatic;
				DEVELOPMENT_TEAM = NJGTMV7G93;
				INFOPLIST_FILE = whosthatpokemon/Info.plist;
				IPHONEOS_DEPLOYMENT_TARGET = 13.0;
				LD_RUNPATH_SEARCH_PATHS = (
					"$(inherited)",
					"@executable_path/Frameworks",
				);
				PRODUCT_BUNDLE_IDENTIFIER = com.pezzuol.whosthatpokemon;
				PRODUCT_NAME = "$(TARGET_NAME)";
				SWIFT_VERSION = 5.0;
				TARGETED_DEVICE_FAMILY = "1,2";
			};
			name = Debug;
		};
		739B91FD242C25EF00BCC690 /* Release */ = {
			isa = XCBuildConfiguration;
			buildSettings = {
				ASSETCATALOG_COMPILER_APPICON_NAME = AppIcon;
				CODE_SIGN_STYLE = Automatic;
				DEVELOPMENT_TEAM = NJGTMV7G93;
				INFOPLIST_FILE = whosthatpokemon/Info.plist;
				IPHONEOS_DEPLOYMENT_TARGET = 13.0;
				LD_RUNPATH_SEARCH_PATHS = (
					"$(inherited)",
					"@executable_path/Frameworks",
				);
				PRODUCT_BUNDLE_IDENTIFIER = com.pezzuol.whosthatpokemon;
				PRODUCT_NAME = "$(TARGET_NAME)";
				SWIFT_VERSION = 5.0;
				TARGETED_DEVICE_FAMILY = "1,2";
			};
			name = Release;
		};
/* End XCBuildConfiguration section */

/* Begin XCConfigurationList section */
		739B91E2242C25EC00BCC690 /* Build configuration list for PBXProject "whosthatpokemon" */ = {
			isa = XCConfigurationList;
			buildConfigurations = (
				739B91F9242C25EF00BCC690 /* Debug */,
				739B91FA242C25EF00BCC690 /* Release */,
			);
			defaultConfigurationIsVisible = 0;
			defaultConfigurationName = Release;
		};
		739B91FB242C25EF00BCC690 /* Build configuration list for PBXNativeTarget "whosthatpokemon" */ = {
			isa = XCConfigurationList;
			buildConfigurations = (
				739B91FC242C25EF00BCC690 /* Debug */,
				739B91FD242C25EF00BCC690 /* Release */,
			);
			defaultConfigurationIsVisible = 0;
			defaultConfigurationName = Release;
		};
/* End XCConfigurationList section */
	};
	rootObject = 739B91DF242C25EC00BCC690 /* Project object */;
}
